
Microsoft Visual Studio Solution File, Format Version 12.00
# Visual Studio Version 17
VisualStudioVersion = 17.9.34902.65
MinimumVisualStudioVersion = 10.0.40219.1
Project("{FAE04EC0-301F-11D3-BF4B-00C04F79EFBC}") = "JwtAuthSample", "JwtAuthSample.csproj", "{059E005C-B5B6-4037-AB13-73811BCE503A}"
EndProject
Global
	GlobalSection(SolutionConfigurationPlatforms) = preSolution
		Debug|Any CPU = Debug|Any CPU
		Release|Any CPU = Release|Any CPU
	EndGlobalSection
	GlobalSection(ProjectConfigurationPlatforms) = postSolution
		{059E005C-B5B6-4037-AB13-73811BCE503A}.Debug|Any CPU.ActiveCfg = Debug|Any CPU
		{059E005C-B5B6-4037-AB13-73811BCE503A}.Debug|Any CPU.Build.0 = Debug|Any CPU
		{059E005C-B5B6-4037-AB13-73811BCE503A}.Release|Any CPU.ActiveCfg = Release|Any CPU
		{059E005C-B5B6-4037-AB13-73811BCE503A}.Release|Any CPU.Build.0 = Release|Any CPU
	EndGlobalSection
	GlobalSection(SolutionProperties) = preSolution
		HideSolutionNode = FALSE
	EndGlobalSection
	GlobalSection(ExtensibilityGlobals) = postSolution
		SolutionGuid = {F8276C8C-32F5-494E-A5EF-F60ACC75B651}
	EndGlobalSection
EndGlobal
